# THIS IS AN AUTOGENERATED FILE. DO NOT EDIT THIS FILE DIRECTLY.
# yarn lockfile v1


"@esbuild/android-arm64@0.18.13":
  version "0.18.13"
  resolved "https://registry.yarnpkg.com/@esbuild/android-arm64/-/android-arm64-0.18.13.tgz#70ef455455654c7800c31ae55ae295d81712238c"
  integrity sha512-j7NhycJUoUAG5kAzGf4fPWfd17N6SM3o1X6MlXVqfHvs2buFraCJzos9vbeWjLxOyBKHyPOnuCuipbhvbYtTAg==

"@esbuild/android-arm@0.18.13":
  version "0.18.13"
  resolved "https://registry.yarnpkg.com/@esbuild/android-arm/-/android-arm-0.18.13.tgz#15db83099855fc4193658a40687893ee5c95d7a9"
  integrity sha512-KwqFhxRFMKZINHzCqf8eKxE0XqWlAVPRxwy6rc7CbVFxzUWB2sA/s3hbMZeemPdhN3fKBkqOaFhTbS8xJXYIWQ==

"@esbuild/android-x64@0.18.13":
  version "0.18.13"
  resolved "https://registry.yarnpkg.com/@esbuild/android-x64/-/android-x64-0.18.13.tgz#473d589219e1c06e305cf61ca77b8f69d9b6ffab"
  integrity sha512-M2eZkRxR6WnWfVELHmv6MUoHbOqnzoTVSIxgtsyhm/NsgmL+uTmag/VVzdXvmahak1I6sOb1K/2movco5ikDJg==

"@esbuild/darwin-arm64@0.18.13":
  version "0.18.13"
  resolved "https://registry.yarnpkg.com/@esbuild/darwin-arm64/-/darwin-arm64-0.18.13.tgz#0f525b2c1821a0591a06963582e5dc749ba51d45"
  integrity sha512-f5goG30YgR1GU+fxtaBRdSW3SBG9pZW834Mmhxa6terzcboz7P2R0k4lDxlkP7NYRIIdBbWp+VgwQbmMH4yV7w==

"@esbuild/darwin-x64@0.18.13":
  version "0.18.13"
  resolved "https://registry.yarnpkg.com/@esbuild/darwin-x64/-/darwin-x64-0.18.13.tgz#81965b690bae86bf1289b2ce0732506fd41fb545"
  integrity sha512-RIrxoKH5Eo+yE5BtaAIMZaiKutPhZjw+j0OCh8WdvKEKJQteacq0myZvBDLU+hOzQOZWJeDnuQ2xgSScKf1Ovw==

"@esbuild/freebsd-arm64@0.18.13":
  version "0.18.13"
  resolved "https://registry.yarnpkg.com/@esbuild/freebsd-arm64/-/freebsd-arm64-0.18.13.tgz#895bb37fdea886db09549119158e044f146861f0"
  integrity sha512-AfRPhHWmj9jGyLgW/2FkYERKmYR+IjYxf2rtSLmhOrPGFh0KCETFzSjx/JX/HJnvIqHt/DRQD/KAaVsUKoI3Xg==

"@esbuild/freebsd-x64@0.18.13":
  version "0.18.13"
  resolved "https://registry.yarnpkg.com/@esbuild/freebsd-x64/-/freebsd-x64-0.18.13.tgz#0b1dfde3ff1b18f03f71e460f91dc463e6a23903"
  integrity sha512-pGzWWZJBInhIgdEwzn8VHUBang8UvFKsvjDkeJ2oyY5gZtAM6BaxK0QLCuZY+qoj/nx/lIaItH425rm/hloETA==

"@esbuild/linux-arm64@0.18.13":
  version "0.18.13"
  resolved "https://registry.yarnpkg.com/@esbuild/linux-arm64/-/linux-arm64-0.18.13.tgz#350febed5d32d8ec1a424a4c4d7c9ba885604960"
  integrity sha512-hCzZbVJEHV7QM77fHPv2qgBcWxgglGFGCxk6KfQx6PsVIdi1u09X7IvgE9QKqm38OpkzaAkPnnPqwRsltvLkIQ==

"@esbuild/linux-arm@0.18.13":
  version "0.18.13"
  resolved "https://registry.yarnpkg.com/@esbuild/linux-arm/-/linux-arm-0.18.13.tgz#47639d73d894026350eaccf7c174f1d26b747d6a"
  integrity sha512-4iMxLRMCxGyk7lEvkkvrxw4aJeC93YIIrfbBlUJ062kilUUnAiMb81eEkVvCVoh3ON283ans7+OQkuy1uHW+Hw==

"@esbuild/linux-ia32@0.18.13":
  version "0.18.13"
  resolved "https://registry.yarnpkg.com/@esbuild/linux-ia32/-/linux-ia32-0.18.13.tgz#a901a16349c58bf6f873bced36bdf46a5f4dac5d"
  integrity sha512-I3OKGbynl3AAIO6onXNrup/ttToE6Rv2XYfFgLK/wnr2J+1g+7k4asLrE+n7VMhaqX+BUnyWkCu27rl+62Adug==

"@esbuild/linux-loong64@0.18.13":
  version "0.18.13"
  resolved "https://registry.yarnpkg.com/@esbuild/linux-loong64/-/linux-loong64-0.18.13.tgz#faa08db402c18e351234719e00aba98867aa34ce"
  integrity sha512-8pcKDApAsKc6WW51ZEVidSGwGbebYw2qKnO1VyD8xd6JN0RN6EUXfhXmDk9Vc4/U3Y4AoFTexQewQDJGsBXBpg==

"@esbuild/linux-mips64el@0.18.13":
  version "0.18.13"
  resolved "https://registry.yarnpkg.com/@esbuild/linux-mips64el/-/linux-mips64el-0.18.13.tgz#2123a54b49ddc1a1dff057bba8a9a5e9f26e5009"
  integrity sha512-6GU+J1PLiVqWx8yoCK4Z0GnfKyCGIH5L2KQipxOtbNPBs+qNDcMJr9euxnyJ6FkRPyMwaSkjejzPSISD9hb+gg==

"@esbuild/linux-ppc64@0.18.13":
  version "0.18.13"
  resolved "https://registry.yarnpkg.com/@esbuild/linux-ppc64/-/linux-ppc64-0.18.13.tgz#9a9befd275a6a3f5baeed89aaafb746df7ba735d"
  integrity sha512-pfn/OGZ8tyR8YCV7MlLl5hAit2cmS+j/ZZg9DdH0uxdCoJpV7+5DbuXrR+es4ayRVKIcfS9TTMCs60vqQDmh+w==

"@esbuild/linux-riscv64@0.18.13":
  version "0.18.13"
  resolved "https://registry.yarnpkg.com/@esbuild/linux-riscv64/-/linux-riscv64-0.18.13.tgz#6644a5b5840fa0c3ffade6f87d943413ece520a8"
  integrity sha512-aIbhU3LPg0lOSCfVeGHbmGYIqOtW6+yzO+Nfv57YblEK01oj0mFMtvDJlOaeAZ6z0FZ9D13oahi5aIl9JFphGg==

"@esbuild/linux-s390x@0.18.13":
  version "0.18.13"
  resolved "https://registry.yarnpkg.com/@esbuild/linux-s390x/-/linux-s390x-0.18.13.tgz#c1367a0a02b37f6b0382e71d9c9d97352ca23013"
  integrity sha512-Pct1QwF2sp+5LVi4Iu5Y+6JsGaV2Z2vm4O9Dd7XZ5tKYxEHjFtb140fiMcl5HM1iuv6xXO8O1Vrb1iJxHlv8UA==

"@esbuild/linux-x64@0.18.13":
  version "0.18.13"
  resolved "https://registry.yarnpkg.com/@esbuild/linux-x64/-/linux-x64-0.18.13.tgz#892674f0918ee3f5e523270cf49a69a557fb64c0"
  integrity sha512-zTrIP0KzYP7O0+3ZnmzvUKgGtUvf4+piY8PIO3V8/GfmVd3ZyHJGz7Ht0np3P1wz+I8qJ4rjwJKqqEAbIEPngA==

"@esbuild/netbsd-x64@0.18.13":
  version "0.18.13"
  resolved "https://registry.yarnpkg.com/@esbuild/netbsd-x64/-/netbsd-x64-0.18.13.tgz#67954292195ecbdae33ab09a9ae6a7f566e49d04"
  integrity sha512-I6zs10TZeaHDYoGxENuksxE1sxqZpCp+agYeW039yqFwh3MgVvdmXL5NMveImOC6AtpLvE4xG5ujVic4NWFIDQ==

"@esbuild/openbsd-x64@0.18.13":
  version "0.18.13"
  resolved "https://registry.yarnpkg.com/@esbuild/openbsd-x64/-/openbsd-x64-0.18.13.tgz#b3eef873dfab547fbe7bcdb3573e1c59dea676b7"
  integrity sha512-W5C5nczhrt1y1xPG5bV+0M12p2vetOGlvs43LH8SopQ3z2AseIROu09VgRqydx5qFN7y9qCbpgHLx0kb0TcW7g==

"@esbuild/sunos-x64@0.18.13":
  version "0.18.13"
  resolved "https://registry.yarnpkg.com/@esbuild/sunos-x64/-/sunos-x64-0.18.13.tgz#b368080f42dbb5ae926d0567c02bcd68a34c5efd"
  integrity sha512-X/xzuw4Hzpo/yq3YsfBbIsipNgmsm8mE/QeWbdGdTTeZ77fjxI2K0KP3AlhZ6gU3zKTw1bKoZTuKLnqcJ537qw==

"@esbuild/win32-arm64@0.18.13":
  version "0.18.13"
  resolved "https://registry.yarnpkg.com/@esbuild/win32-arm64/-/win32-arm64-0.18.13.tgz#11dedda0e8cfb5f781411ea362b2040304be0fc3"
  integrity sha512-4CGYdRQT/ILd+yLLE5i4VApMPfGE0RPc/wFQhlluDQCK09+b4JDbxzzjpgQqTPrdnP7r5KUtGVGZYclYiPuHrw==

"@esbuild/win32-ia32@0.18.13":
  version "0.18.13"
  resolved "https://registry.yarnpkg.com/@esbuild/win32-ia32/-/win32-ia32-0.18.13.tgz#6b8aa95515c05827b7c24c9db9581943566e0dcb"
  integrity sha512-D+wKZaRhQI+MUGMH+DbEr4owC2D7XnF+uyGiZk38QbgzLcofFqIOwFs7ELmIeU45CQgfHNy9Q+LKW3cE8g37Kg==

"@esbuild/win32-x64@0.18.13":
  version "0.18.13"
  resolved "https://registry.yarnpkg.com/@esbuild/win32-x64/-/win32-x64-0.18.13.tgz#031f69b1f4cf62a18c38d502458c0b8b02625461"
  integrity sha512-iVl6lehAfJS+VmpF3exKpNQ8b0eucf5VWfzR8S7xFve64NBNz2jPUgx1X93/kfnkfgP737O+i1k54SVQS7uVZA==

esbuild@^0.18.10:
  version "0.18.13"
  resolved "https://registry.yarnpkg.com/esbuild/-/esbuild-0.18.13.tgz#59160add6c3420947fe008238140ed3480baf817"
  integrity sha512-vhg/WR/Oiu4oUIkVhmfcc23G6/zWuEQKFS+yiosSHe4aN6+DQRXIfeloYGibIfVhkr4wyfuVsGNLr+sQU1rWWw==
  optionalDependencies:
    "@esbuild/android-arm" "0.18.13"
    "@esbuild/android-arm64" "0.18.13"
    "@esbuild/android-x64" "0.18.13"
    "@esbuild/darwin-arm64" "0.18.13"
    "@esbuild/darwin-x64" "0.18.13"
    "@esbuild/freebsd-arm64" "0.18.13"
    "@esbuild/freebsd-x64" "0.18.13"
    "@esbuild/linux-arm" "0.18.13"
    "@esbuild/linux-arm64" "0.18.13"
    "@esbuild/linux-ia32" "0.18.13"
    "@esbuild/linux-loong64" "0.18.13"
    "@esbuild/linux-mips64el" "0.18.13"
    "@esbuild/linux-ppc64" "0.18.13"
    "@esbuild/linux-riscv64" "0.18.13"
    "@esbuild/linux-s390x" "0.18.13"
    "@esbuild/linux-x64" "0.18.13"
    "@esbuild/netbsd-x64" "0.18.13"
    "@esbuild/openbsd-x64" "0.18.13"
    "@esbuild/sunos-x64" "0.18.13"
    "@esbuild/win32-arm64" "0.18.13"
    "@esbuild/win32-ia32" "0.18.13"
    "@esbuild/win32-x64" "0.18.13"

fsevents@~2.3.2:
  version "2.3.2"
  resolved "https://registry.yarnpkg.com/fsevents/-/fsevents-2.3.2.tgz#8a526f78b8fdf4623b709e0b975c52c24c02fd1a"
  integrity sha512-xiqMQR4xAeHTuB9uWm+fFRcIOgKBMiOBP+eXiyT7jsgVCq1bkVygt00oASowB7EdtpOHaaPgKt812P9ab+DDKA==

monaco-editor@^0.40.0:
  version "0.40.0"
  resolved "https://registry.yarnpkg.com/monaco-editor/-/monaco-editor-0.40.0.tgz#d10834e15ad50a15ec61fd01892e508464ebe2fe"
  integrity sha512-1wymccLEuFSMBvCk/jT1YDW/GuxMLYwnFwF9CDyYCxoTw2Pt379J3FUhwy9c43j51JdcxVPjwk0jm0EVDsBS2g==

nanoid@^3.3.6:
  version "3.3.6"
  resolved "https://registry.yarnpkg.com/nanoid/-/nanoid-3.3.6.tgz#443380c856d6e9f9824267d960b4236ad583ea4c"
  integrity sha512-BGcqMMJuToF7i1rt+2PWSNVnWIkGCU78jBG3RxO/bZlnZPK2Cmi2QaffxGO/2RvWi9sL+FAiRiXMgsyxQ1DIDA==

picocolors@^1.0.0:
  version "1.0.0"
  resolved "https://registry.yarnpkg.com/picocolors/-/picocolors-1.0.0.tgz#cb5bdc74ff3f51892236eaf79d68bc44564ab81c"
  integrity sha512-1fygroTLlHu66zi26VoTDv8yRgm0Fccecssto+MhsZ0D/DGW2sm8E8AjW7NU5VVTRt5GxbeZ5qBuJr+HyLYkjQ==

postcss@^8.4.25:
  version "8.4.26"
  resolved "https://registry.yarnpkg.com/postcss/-/postcss-8.4.26.tgz#1bc62ab19f8e1e5463d98cf74af39702a00a9e94"
  integrity sha512-jrXHFF8iTloAenySjM/ob3gSj7pCu0Ji49hnjqzsgSRa50hkWCKD0HQ+gMNJkW38jBI68MpAAg7ZWwHwX8NMMw==
  dependencies:
    nanoid "^3.3.6"
    picocolors "^1.0.0"
    source-map-js "^1.0.2"

rollup@^3.25.2:
  version "3.26.2"
  resolved "https://registry.yarnpkg.com/rollup/-/rollup-3.26.2.tgz#2e76a37606cb523fc9fef43e6f59c93f86d95e7c"
  integrity sha512-6umBIGVz93er97pMgQO08LuH3m6PUb3jlDUUGFsNJB6VgTCUaDFpupf5JfU30529m/UKOgmiX+uY6Sx8cOYpLA==
  optionalDependencies:
    fsevents "~2.3.2"

source-map-js@^1.0.2:
  version "1.0.2"
  resolved "https://registry.yarnpkg.com/source-map-js/-/source-map-js-1.0.2.tgz#adbc361d9c62df380125e7f161f71c826f1e490c"
  integrity sha512-R0XvVJ9WusLiqTCEiGCmICCMplcCkIwwR11mOSD9CR5u+IXYdiseeEuXCVAjS54zqwkLcPNnmU4OeJ6tUrWhDw==

typescript@^5.1.6:
  version "5.1.6"
  resolved "https://registry.yarnpkg.com/typescript/-/typescript-5.1.6.tgz#02f8ac202b6dad2c0dd5e0913745b47a37998274"
  integrity sha512-zaWCozRZ6DLEWAWFrVDz1H6FVXzUSfTy5FUMWsQlU8Ym5JP9eO4xkTIROFCQvhQf61z6O/G6ugw3SgAnvvm+HA==

vite@^4.4.4:
  version "4.4.4"
  resolved "https://registry.yarnpkg.com/vite/-/vite-4.4.4.tgz#b76e6049c0e080cb54e735ad2d18287753752118"
  integrity sha512-4mvsTxjkveWrKDJI70QmelfVqTm+ihFAb6+xf4sjEU2TmUCTlVX87tmg/QooPEMQb/lM9qGHT99ebqPziEd3wg==
  dependencies:
    esbuild "^0.18.10"
    postcss "^8.4.25"
    rollup "^3.25.2"
  optionalDependencies:
    fsevents "~2.3.2"
